// !$*UTF8*$!
{
	archiveVersion = 1;
	classes = {
	};
	objectVersion = 46;
	objects = {

/* Begin PBXBuildFile section */
		7E026C1119906439008BAE7B /* QBUserMessages.m in Sources */ = {isa = PBXBuildFile; fileRef = 7E026C1019906439008BAE7B /* QBUserMessages.m */; };
		7E0619CA1996ABE600860CBC /* QBConstants.m in Sources */ = {isa = PBXBuildFile; fileRef = 7E0619C91996ABE600860CBC /* QBConstants.m */; };
		7E0619CD1996B73B00860CBC /* QBMessagesViewController.m in Sources */ = {isa = PBXBuildFile; fileRef = 7E0619CC1996B73B00860CBC /* QBMessagesViewController.m */; };
		7E0619CF1996F9DD00860CBC /* circle-dashed-8-icon-64.png in Resources */ = {isa = PBXBuildFile; fileRef = 7E0619CE1996F9DD00860CBC /* circle-dashed-8-icon-64.png */; };
		7E0619D11996FD9900860CBC /* red-circle-icon-64.png in Resources */ = {isa = PBXBuildFile; fileRef = 7E0619D01996FD9900860CBC /* red-circle-icon-64.png */; };
		7E0619D31996FDAA00860CBC /* white-circle-icon-64.png in Resources */ = {isa = PBXBuildFile; fileRef = 7E0619D21996FDAA00860CBC /* white-circle-icon-64.png */; };
		7E0619D51996FDB900860CBC /* black-circle-icon-64.png in Resources */ = {isa = PBXBuildFile; fileRef = 7E0619D41996FDB900860CBC /* black-circle-icon-64.png */; };
		7E0619D71996FDCA00860CBC /* white-circle-outline-icon-64.png in Resources */ = {isa = PBXBuildFile; fileRef = 7E0619D61996FDCA00860CBC /* white-circle-outline-icon-64.png */; };
		7E0619D91996FEA600860CBC /* black-circle-outline-icon-64.png in Resources */ = {isa = PBXBuildFile; fileRef = 7E0619D81996FEA600860CBC /* black-circle-outline-icon-64.png */; };
		7E63060219906E600075C0D9 /* Parse.framework in Frameworks */ = {isa = PBXBuildFile; fileRef = 7E63060119906E600075C0D9 /* Parse.framework */; };
		7E63060419906EC00075C0D9 /* Social.framework in Frameworks */ = {isa = PBXBuildFile; fileRef = 7E63060319906EC00075C0D9 /* Social.framework */; };
		7E63060619906F300075C0D9 /* Accounts.framework in Frameworks */ = {isa = PBXBuildFile; fileRef = 7E63060519906F300075C0D9 /* Accounts.framework */; };
		7E630609199072FD0075C0D9 /* QBLoginViewController.m in Sources */ = {isa = PBXBuildFile; fileRef = 7E630608199072FD0075C0D9 /* QBLoginViewController.m */; };
		7E63060B1991E4650075C0D9 /* camera-64.png in Resources */ = {isa = PBXBuildFile; fileRef = 7E63060A1991E4650075C0D9 /* camera-64.png */; };
		7EA8AA16195A824500A9D413 /* MBProgressHUD.m in Sources */ = {isa = PBXBuildFile; fileRef = 7EA8AA15195A824500A9D413 /* MBProgressHUD.m */; };
		7EA8AA1A195BC09400A9D413 /* QBCameraOverlayView.m in Sources */ = {isa = PBXBuildFile; fileRef = 7EA8AA19195BC09400A9D413 /* QBCameraOverlayView.m */; };
		7EA8AA1D195E56EE00A9D413 /* QBContactsViewController.m in Sources */ = {isa = PBXBuildFile; fileRef = 7EA8AA1C195E56EE00A9D413 /* QBContactsViewController.m */; };
		7EA8AA201961252600A9D413 /* QBUser.m in Sources */ = {isa = PBXBuildFile; fileRef = 7EA8AA1F1961252600A9D413 /* QBUser.m */; };
		7EA8AA26196FA50F00A9D413 /* QBUserContacts.m in Sources */ = {isa = PBXBuildFile; fileRef = 7EA8AA25196FA50F00A9D413 /* QBUserContacts.m */; };
		7EA8AA28197790DB00A9D413 /* arrow.png in Resources */ = {isa = PBXBuildFile; fileRef = 7EA8AA27197790DB00A9D413 /* arrow.png */; };
		7EA8AA2A197793BA00A9D413 /* arrow2.png in Resources */ = {isa = PBXBuildFile; fileRef = 7EA8AA29197793BA00A9D413 /* arrow2.png */; };
		7EA8AA2C1978D5B200A9D413 /* send.png in Resources */ = {isa = PBXBuildFile; fileRef = 7EA8AA2B1978D5B200A9D413 /* send.png */; };
		7EA8AA2E1978D6DA00A9D413 /* MessageUI.framework in Frameworks */ = {isa = PBXBuildFile; fileRef = 7EA8AA2D1978D6DA00A9D413 /* MessageUI.framework */; };
		7EF5A41519500EA4007DAD6C /* Foundation.framework in Frameworks */ = {isa = PBXBuildFile; fileRef = 7EF5A41419500EA4007DAD6C /* Foundation.framework */; };
		7EF5A41719500EA4007DAD6C /* CoreGraphics.framework in Frameworks */ = {isa = PBXBuildFile; fileRef = 7EF5A41619500EA4007DAD6C /* CoreGraphics.framework */; };
		7EF5A41919500EA4007DAD6C /* UIKit.framework in Frameworks */ = {isa = PBXBuildFile; fileRef = 7EF5A41819500EA4007DAD6C /* UIKit.framework */; };
		7EF5A41F19500EA4007DAD6C /* InfoPlist.strings in Resources */ = {isa = PBXBuildFile; fileRef = 7EF5A41D19500EA4007DAD6C /* InfoPlist.strings */; };
		7EF5A42119500EA4007DAD6C /* main.m in Sources */ = {isa = PBXBuildFile; fileRef = 7EF5A42019500EA4007DAD6C /* main.m */; };
		7EF5A42519500EA4007DAD6C /* QBAppDelegate.m in Sources */ = {isa = PBXBuildFile; fileRef = 7EF5A42419500EA4007DAD6C /* QBAppDelegate.m */; };
		7EF5A42719500EA4007DAD6C /* Images.xcassets in Resources */ = {isa = PBXBuildFile; fileRef = 7EF5A42619500EA4007DAD6C /* Images.xcassets */; };
		7EF5A42E19500EA4007DAD6C /* XCTest.framework in Frameworks */ = {isa = PBXBuildFile; fileRef = 7EF5A42D19500EA4007DAD6C /* XCTest.framework */; };
		7EF5A42F19500EA4007DAD6C /* Foundation.framework in Frameworks */ = {isa = PBXBuildFile; fileRef = 7EF5A41419500EA4007DAD6C /* Foundation.framework */; };
		7EF5A43019500EA4007DAD6C /* UIKit.framework in Frameworks */ = {isa = PBXBuildFile; fileRef = 7EF5A41819500EA4007DAD6C /* UIKit.framework */; };
		7EF5A43819500EA4007DAD6C /* InfoPlist.strings in Resources */ = {isa = PBXBuildFile; fileRef = 7EF5A43619500EA4007DAD6C /* InfoPlist.strings */; };
		7EF5A43A19500EA4007DAD6C /* PhotoAppTests.m in Sources */ = {isa = PBXBuildFile; fileRef = 7EF5A43919500EA4007DAD6C /* PhotoAppTests.m */; };
		7EF5A44619500FE1007DAD6C /* AudioToolbox.framework in Frameworks */ = {isa = PBXBuildFile; fileRef = 7EF5A44519500FE1007DAD6C /* AudioToolbox.framework */; };
		7EF5A44819500FEC007DAD6C /* CFNetwork.framework in Frameworks */ = {isa = PBXBuildFile; fileRef = 7EF5A44719500FEC007DAD6C /* CFNetwork.framework */; };
		7EF5A44A19500FF9007DAD6C /* CoreLocation.framework in Frameworks */ = {isa = PBXBuildFile; fileRef = 7EF5A44919500FF9007DAD6C /* CoreLocation.framework */; };
		7EF5A44C19501008007DAD6C /* libz.dylib in Frameworks */ = {isa = PBXBuildFile; fileRef = 7EF5A44B19501008007DAD6C /* libz.dylib */; };
		7EF5A44E19501012007DAD6C /* MobileCoreServices.framework in Frameworks */ = {isa = PBXBuildFile; fileRef = 7EF5A44D19501012007DAD6C /* MobileCoreServices.framework */; };
		7EF5A4501950101C007DAD6C /* QuartzCore.framework in Frameworks */ = {isa = PBXBuildFile; fileRef = 7EF5A44F1950101C007DAD6C /* QuartzCore.framework */; };
		7EF5A45219501026007DAD6C /* Security.framework in Frameworks */ = {isa = PBXBuildFile; fileRef = 7EF5A45119501026007DAD6C /* Security.framework */; };
		7EF5A45419501030007DAD6C /* StoreKit.framework in Frameworks */ = {isa = PBXBuildFile; fileRef = 7EF5A45319501030007DAD6C /* StoreKit.framework */; };
		7EF5A4561950103B007DAD6C /* SystemConfiguration.framework in Frameworks */ = {isa = PBXBuildFile; fileRef = 7EF5A4551950103B007DAD6C /* SystemConfiguration.framework */; };
		7EF5A4591950109F007DAD6C /* QBCameraViewController.m in Sources */ = {isa = PBXBuildFile; fileRef = 7EF5A4581950109F007DAD6C /* QBCameraViewController.m */; };
/* End PBXBuildFile section */

/* Begin PBXContainerItemProxy section */
		7EF5A43119500EA4007DAD6C /* PBXContainerItemProxy */ = {
			isa = PBXContainerItemProxy;
			containerPortal = 7EF5A40919500EA4007DAD6C /* Project object */;
			proxyType = 1;
			remoteGlobalIDString = 7EF5A41019500EA4007DAD6C;
			remoteInfo = PhotoApp;
		};
/* End PBXContainerItemProxy section */

/* Begin PBXFileReference section */
		7E026C0F19906439008BAE7B /* QBUserMessages.h */ = {isa = PBXFileReference; fileEncoding = 4; lastKnownFileType = sourcecode.c.h; path = QBUserMessages.h; sourceTree = "<group>"; };
		7E026C1019906439008BAE7B /* QBUserMessages.m */ = {isa = PBXFileReference; fileEncoding = 4; lastKnownFileType = sourcecode.c.objc; path = QBUserMessages.m; sourceTree = "<group>"; };
		7E0619C81996ABE600860CBC /* QBConstants.h */ = {isa = PBXFileReference; fileEncoding = 4; lastKnownFileType = sourcecode.c.h; path = QBConstants.h; sourceTree = "<group>"; };
		7E0619C91996ABE600860CBC /* QBConstants.m */ = {isa = PBXFileReference; fileEncoding = 4; lastKnownFileType = sourcecode.c.objc; path = QBConstants.m; sourceTree = "<group>"; };
		7E0619CB1996B73B00860CBC /* QBMessagesViewController.h */ = {isa = PBXFileReference; fileEncoding = 4; lastKnownFileType = sourcecode.c.h; path = QBMessagesViewController.h; sourceTree = "<group>"; };
		7E0619CC1996B73B00860CBC /* QBMessagesViewController.m */ = {isa = PBXFileReference; fileEncoding = 4; lastKnownFileType = sourcecode.c.objc; path = QBMessagesViewController.m; sourceTree = "<group>"; };
		7E0619CE1996F9DD00860CBC /* circle-dashed-8-icon-64.png */ = {isa = PBXFileReference; lastKnownFileType = image.png; path = "circle-dashed-8-icon-64.png"; sourceTree = "<group>"; };
		7E0619D01996FD9900860CBC /* red-circle-icon-64.png */ = {isa = PBXFileReference; lastKnownFileType = image.png; path = "red-circle-icon-64.png"; sourceTree = "<group>"; };
		7E0619D21996FDAA00860CBC /* white-circle-icon-64.png */ = {isa = PBXFileReference; lastKnownFileType = image.png; path = "white-circle-icon-64.png"; sourceTree = "<group>"; };
		7E0619D41996FDB900860CBC /* black-circle-icon-64.png */ = {isa = PBXFileReference; lastKnownFileType = image.png; path = "black-circle-icon-64.png"; sourceTree = "<group>"; };
		7E0619D61996FDCA00860CBC /* white-circle-outline-icon-64.png */ = {isa = PBXFileReference; lastKnownFileType = image.png; path = "white-circle-outline-icon-64.png"; sourceTree = "<group>"; };
		7E0619D81996FEA600860CBC /* black-circle-outline-icon-64.png */ = {isa = PBXFileReference; lastKnownFileType = image.png; path = "black-circle-outline-icon-64.png"; sourceTree = "<group>"; };
		7E63060119906E600075C0D9 /* Parse.framework */ = {isa = PBXFileReference; lastKnownFileType = wrapper.framework; name = Parse.framework; path = PhotoApp/Parse.framework; sourceTree = "<group>"; };
		7E63060319906EC00075C0D9 /* Social.framework */ = {isa = PBXFileReference; lastKnownFileType = wrapper.framework; name = Social.framework; path = System/Library/Frameworks/Social.framework; sourceTree = SDKROOT; };
		7E63060519906F300075C0D9 /* Accounts.framework */ = {isa = PBXFileReference; lastKnownFileType = wrapper.framework; name = Accounts.framework; path = System/Library/Frameworks/Accounts.framework; sourceTree = SDKROOT; };
		7E630607199072FD0075C0D9 /* QBLoginViewController.h */ = {isa = PBXFileReference; fileEncoding = 4; lastKnownFileType = sourcecode.c.h; path = QBLoginViewController.h; sourceTree = "<group>"; };
		7E630608199072FD0075C0D9 /* QBLoginViewController.m */ = {isa = PBXFileReference; fileEncoding = 4; lastKnownFileType = sourcecode.c.objc; path = QBLoginViewController.m; sourceTree = "<group>"; };
		7E63060A1991E4650075C0D9 /* camera-64.png */ = {isa = PBXFileReference; lastKnownFileType = image.png; path = "camera-64.png"; sourceTree = "<group>"; };
		7EA8AA14195A824500A9D413 /* MBProgressHUD.h */ = {isa = PBXFileReference; fileEncoding = 4; lastKnownFileType = sourcecode.c.h; path = MBProgressHUD.h; sourceTree = "<group>"; };
		7EA8AA15195A824500A9D413 /* MBProgressHUD.m */ = {isa = PBXFileReference; fileEncoding = 4; lastKnownFileType = sourcecode.c.objc; path = MBProgressHUD.m; sourceTree = "<group>"; };
		7EA8AA18195BC09400A9D413 /* QBCameraOverlayView.h */ = {isa = PBXFileReference; fileEncoding = 4; lastKnownFileType = sourcecode.c.h; path = QBCameraOverlayView.h; sourceTree = "<group>"; };
		7EA8AA19195BC09400A9D413 /* QBCameraOverlayView.m */ = {isa = PBXFileReference; fileEncoding = 4; lastKnownFileType = sourcecode.c.objc; path = QBCameraOverlayView.m; sourceTree = "<group>"; };
		7EA8AA1B195E56EE00A9D413 /* QBContactsViewController.h */ = {isa = PBXFileReference; fileEncoding = 4; lastKnownFileType = sourcecode.c.h; path = QBContactsViewController.h; sourceTree = "<group>"; };
		7EA8AA1C195E56EE00A9D413 /* QBContactsViewController.m */ = {isa = PBXFileReference; fileEncoding = 4; lastKnownFileType = sourcecode.c.objc; path = QBContactsViewController.m; sourceTree = "<group>"; };
		7EA8AA1E1961252600A9D413 /* QBUser.h */ = {isa = PBXFileReference; fileEncoding = 4; lastKnownFileType = sourcecode.c.h; path = QBUser.h; sourceTree = "<group>"; };
		7EA8AA1F1961252600A9D413 /* QBUser.m */ = {isa = PBXFileReference; fileEncoding = 4; lastKnownFileType = sourcecode.c.objc; path = QBUser.m; sourceTree = "<group>"; };
		7EA8AA24196FA50F00A9D413 /* QBUserContacts.h */ = {isa = PBXFileReference; fileEncoding = 4; lastKnownFileType = sourcecode.c.h; path = QBUserContacts.h; sourceTree = "<group>"; };
		7EA8AA25196FA50F00A9D413 /* QBUserContacts.m */ = {isa = PBXFileReference; fileEncoding = 4; lastKnownFileType = sourcecode.c.objc; path = QBUserContacts.m; sourceTree = "<group>"; };
		7EA8AA27197790DB00A9D413 /* arrow.png */ = {isa = PBXFileReference; lastKnownFileType = image.png; path = arrow.png; sourceTree = "<group>"; };
		7EA8AA29197793BA00A9D413 /* arrow2.png */ = {isa = PBXFileReference; lastKnownFileType = image.png; path = arrow2.png; sourceTree = "<group>"; };
		7EA8AA2B1978D5B200A9D413 /* send.png */ = {isa = PBXFileReference; lastKnownFileType = image.png; path = send.png; sourceTree = "<group>"; };
		7EA8AA2D1978D6DA00A9D413 /* MessageUI.framework */ = {isa = PBXFileReference; lastKnownFileType = wrapper.framework; name = MessageUI.framework; path = System/Library/Frameworks/MessageUI.framework; sourceTree = SDKROOT; };
		7EF5A41119500EA4007DAD6C /* PhotoApp.app */ = {isa = PBXFileReference; explicitFileType = wrapper.application; includeInIndex = 0; path = PhotoApp.app; sourceTree = BUILT_PRODUCTS_DIR; };
		7EF5A41419500EA4007DAD6C /* Foundation.framework */ = {isa = PBXFileReference; lastKnownFileType = wrapper.framework; name = Foundation.framework; path = System/Library/Frameworks/Foundation.framework; sourceTree = SDKROOT; };
		7EF5A41619500EA4007DAD6C /* CoreGraphics.framework */ = {isa = PBXFileReference; lastKnownFileType = wrapper.framework; name = CoreGraphics.framework; path = System/Library/Frameworks/CoreGraphics.framework; sourceTree = SDKROOT; };
		7EF5A41819500EA4007DAD6C /* UIKit.framework */ = {isa = PBXFileReference; lastKnownFileType = wrapper.framework; name = UIKit.framework; path = System/Library/Frameworks/UIKit.framework; sourceTree = SDKROOT; };
		7EF5A41C19500EA4007DAD6C /* PhotoApp-Info.plist */ = {isa = PBXFileReference; lastKnownFileType = text.plist.xml; path = "PhotoApp-Info.plist"; sourceTree = "<group>"; };
		7EF5A41E19500EA4007DAD6C /* en */ = {isa = PBXFileReference; lastKnownFileType = text.plist.strings; name = en; path = en.lproj/InfoPlist.strings; sourceTree = "<group>"; };
		7EF5A42019500EA4007DAD6C /* main.m */ = {isa = PBXFileReference; lastKnownFileType = sourcecode.c.objc; path = main.m; sourceTree = "<group>"; };
		7EF5A42219500EA4007DAD6C /* PhotoApp-Prefix.pch */ = {isa = PBXFileReference; lastKnownFileType = sourcecode.c.h; path = "PhotoApp-Prefix.pch"; sourceTree = "<group>"; };
		7EF5A42319500EA4007DAD6C /* QBAppDelegate.h */ = {isa = PBXFileReference; lastKnownFileType = sourcecode.c.h; path = QBAppDelegate.h; sourceTree = "<group>"; };
		7EF5A42419500EA4007DAD6C /* QBAppDelegate.m */ = {isa = PBXFileReference; lastKnownFileType = sourcecode.c.objc; path = QBAppDelegate.m; sourceTree = "<group>"; };
		7EF5A42619500EA4007DAD6C /* Images.xcassets */ = {isa = PBXFileReference; lastKnownFileType = folder.assetcatalog; path = Images.xcassets; sourceTree = "<group>"; };
		7EF5A42C19500EA4007DAD6C /* PhotoAppTests.xctest */ = {isa = PBXFileReference; explicitFileType = wrapper.cfbundle; includeInIndex = 0; path = PhotoAppTests.xctest; sourceTree = BUILT_PRODUCTS_DIR; };
		7EF5A42D19500EA4007DAD6C /* XCTest.framework */ = {isa = PBXFileReference; lastKnownFileType = wrapper.framework; name = XCTest.framework; path = Library/Frameworks/XCTest.framework; sourceTree = DEVELOPER_DIR; };
		7EF5A43519500EA4007DAD6C /* PhotoAppTests-Info.plist */ = {isa = PBXFileReference; lastKnownFileType = text.plist.xml; path = "PhotoAppTests-Info.plist"; sourceTree = "<group>"; };
		7EF5A43719500EA4007DAD6C /* en */ = {isa = PBXFileReference; lastKnownFileType = text.plist.strings; name = en; path = en.lproj/InfoPlist.strings; sourceTree = "<group>"; };
		7EF5A43919500EA4007DAD6C /* PhotoAppTests.m */ = {isa = PBXFileReference; lastKnownFileType = sourcecode.c.objc; path = PhotoAppTests.m; sourceTree = "<group>"; };
		7EF5A44319500FA9007DAD6C /* Parse.framework */ = {isa = PBXFileReference; lastKnownFileType = wrapper.framework; path = Parse.framework; sourceTree = "<group>"; };
		7EF5A44519500FE1007DAD6C /* AudioToolbox.framework */ = {isa = PBXFileReference; lastKnownFileType = wrapper.framework; name = AudioToolbox.framework; path = System/Library/Frameworks/AudioToolbox.framework; sourceTree = SDKROOT; };
		7EF5A44719500FEC007DAD6C /* CFNetwork.framework */ = {isa = PBXFileReference; lastKnownFileType = wrapper.framework; name = CFNetwork.framework; path = System/Library/Frameworks/CFNetwork.framework; sourceTree = SDKROOT; };
		7EF5A44919500FF9007DAD6C /* CoreLocation.framework */ = {isa = PBXFileReference; lastKnownFileType = wrapper.framework; name = CoreLocation.framework; path = System/Library/Frameworks/CoreLocation.framework; sourceTree = SDKROOT; };
		7EF5A44B19501008007DAD6C /* libz.dylib */ = {isa = PBXFileReference; lastKnownFileType = "compiled.mach-o.dylib"; name = libz.dylib; path = usr/lib/libz.dylib; sourceTree = SDKROOT; };
		7EF5A44D19501012007DAD6C /* MobileCoreServices.framework */ = {isa = PBXFileReference; lastKnownFileType = wrapper.framework; name = MobileCoreServices.framework; path = System/Library/Frameworks/MobileCoreServices.framework; sourceTree = SDKROOT; };
		7EF5A44F1950101C007DAD6C /* QuartzCore.framework */ = {isa = PBXFileReference; lastKnownFileType = wrapper.framework; name = QuartzCore.framework; path = System/Library/Frameworks/QuartzCore.framework; sourceTree = SDKROOT; };
		7EF5A45119501026007DAD6C /* Security.framework */ = {isa = PBXFileReference; lastKnownFileType = wrapper.framework; name = Security.framework; path = System/Library/Frameworks/Security.framework; sourceTree = SDKROOT; };
		7EF5A45319501030007DAD6C /* StoreKit.framework */ = {isa = PBXFileReference; lastKnownFileType = wrapper.framework; name = StoreKit.framework; path = System/Library/Frameworks/StoreKit.framework; sourceTree = SDKROOT; };
		7EF5A4551950103B007DAD6C /* SystemConfiguration.framework */ = {isa = PBXFileReference; lastKnownFileType = wrapper.framework; name = SystemConfiguration.framework; path = System/Library/Frameworks/SystemConfiguration.framework; sourceTree = SDKROOT; };
		7EF5A4571950109F007DAD6C /* QBCameraViewController.h */ = {isa = PBXFileReference; fileEncoding = 4; lastKnownFileType = sourcecode.c.h; path = QBCameraViewController.h; sourceTree = "<group>"; };
		7EF5A4581950109F007DAD6C /* QBCameraViewController.m */ = {isa = PBXFileReference; fileEncoding = 4; lastKnownFileType = sourcecode.c.objc; path = QBCameraViewController.m; sourceTree = "<group>"; };
/* End PBXFileReference section */

/* Begin PBXFrameworksBuildPhase section */
		7EF5A40E19500EA4007DAD6C /* Frameworks */ = {
			isa = PBXFrameworksBuildPhase;
			buildActionMask = 2147483647;
			files = (
				7E63060619906F300075C0D9 /* Accounts.framework in Frameworks */,
				7E63060419906EC00075C0D9 /* Social.framework in Frameworks */,
				7E63060219906E600075C0D9 /* Parse.framework in Frameworks */,
				7EA8AA2E1978D6DA00A9D413 /* MessageUI.framework in Frameworks */,
				7EF5A4561950103B007DAD6C /* SystemConfiguration.framework in Frameworks */,
				7EF5A45419501030007DAD6C /* StoreKit.framework in Frameworks */,
				7EF5A45219501026007DAD6C /* Security.framework in Frameworks */,
				7EF5A4501950101C007DAD6C /* QuartzCore.framework in Frameworks */,
				7EF5A44E19501012007DAD6C /* MobileCoreServices.framework in Frameworks */,
				7EF5A44C19501008007DAD6C /* libz.dylib in Frameworks */,
				7EF5A44A19500FF9007DAD6C /* CoreLocation.framework in Frameworks */,
				7EF5A44819500FEC007DAD6C /* CFNetwork.framework in Frameworks */,
				7EF5A44619500FE1007DAD6C /* AudioToolbox.framework in Frameworks */,
				7EF5A41719500EA4007DAD6C /* CoreGraphics.framework in Frameworks */,
				7EF5A41919500EA4007DAD6C /* UIKit.framework in Frameworks */,
				7EF5A41519500EA4007DAD6C /* Foundation.framework in Frameworks */,
			);
			runOnlyForDeploymentPostprocessing = 0;
		};
		7EF5A42919500EA4007DAD6C /* Frameworks */ = {
			isa = PBXFrameworksBuildPhase;
			buildActionMask = 2147483647;
			files = (
				7EF5A42E19500EA4007DAD6C /* XCTest.framework in Frameworks */,
				7EF5A43019500EA4007DAD6C /* UIKit.framework in Frameworks */,
				7EF5A42F19500EA4007DAD6C /* Foundation.framework in Frameworks */,
			);
			runOnlyForDeploymentPostprocessing = 0;
		};
/* End PBXFrameworksBuildPhase section */

/* Begin PBXGroup section */
		7E0619C11996AA4000860CBC /* Login/Sign Up */ = {
			isa = PBXGroup;
			children = (
				7E630607199072FD0075C0D9 /* QBLoginViewController.h */,
				7E630608199072FD0075C0D9 /* QBLoginViewController.m */,
			);
			name = "Login/Sign Up";
			sourceTree = "<group>";
		};
		7E0619C21996AA4B00860CBC /* Take Picure */ = {
			isa = PBXGroup;
			children = (
				7EF5A4571950109F007DAD6C /* QBCameraViewController.h */,
				7EF5A4581950109F007DAD6C /* QBCameraViewController.m */,
			);
			name = "Take Picure";
			sourceTree = "<group>";
		};
		7E0619C31996AA7500860CBC /* Views */ = {
			isa = PBXGroup;
			children = (
				7EA8AA18195BC09400A9D413 /* QBCameraOverlayView.h */,
				7EA8AA19195BC09400A9D413 /* QBCameraOverlayView.m */,
			);
			name = Views;
			sourceTree = "<group>";
		};
		7E0619C41996AA8400860CBC /* Controllers */ = {
			isa = PBXGroup;
			children = (
				7E0619C11996AA4000860CBC /* Login/Sign Up */,
				7E0619C21996AA4B00860CBC /* Take Picure */,
				7E0619C61996AAB600860CBC /* Send Photo */,
				7E0619C71996AAC700860CBC /* ReceivePhoto */,
			);
			name = Controllers;
			sourceTree = "<group>";
		};
		7E0619C51996AA9400860CBC /* Model */ = {
			isa = PBXGroup;
			children = (
				7EA8AA24196FA50F00A9D413 /* QBUserContacts.h */,
				7EA8AA25196FA50F00A9D413 /* QBUserContacts.m */,
				7E026C0F19906439008BAE7B /* QBUserMessages.h */,
				7E026C1019906439008BAE7B /* QBUserMessages.m */,
				7EA8AA1E1961252600A9D413 /* QBUser.h */,
				7EA8AA1F1961252600A9D413 /* QBUser.m */,
			);
			name = Model;
			sourceTree = "<group>";
		};
		7E0619C61996AAB600860CBC /* Send Photo */ = {
			isa = PBXGroup;
			children = (
				7EA8AA1B195E56EE00A9D413 /* QBContactsViewController.h */,
				7EA8AA1C195E56EE00A9D413 /* QBContactsViewController.m */,
			);
			name = "Send Photo";
			sourceTree = "<group>";
		};
		7E0619C71996AAC700860CBC /* ReceivePhoto */ = {
			isa = PBXGroup;
			children = (
				7E0619CB1996B73B00860CBC /* QBMessagesViewController.h */,
				7E0619CC1996B73B00860CBC /* QBMessagesViewController.m */,
			);
			name = ReceivePhoto;
			sourceTree = "<group>";
		};
		7EA8AA17195A824D00A9D413 /* MBProgressHUD */ = {
			isa = PBXGroup;
			children = (
				7EA8AA14195A824500A9D413 /* MBProgressHUD.h */,
				7EA8AA15195A824500A9D413 /* MBProgressHUD.m */,
			);
			name = MBProgressHUD;
			sourceTree = "<group>";
		};
		7EA8AA2F1978D8A600A9D413 /* Images */ = {
			isa = PBXGroup;
			children = (
				7EA8AA29197793BA00A9D413 /* arrow2.png */,
				7EA8AA2B1978D5B200A9D413 /* send.png */,
				7EA8AA27197790DB00A9D413 /* arrow.png */,
				7E0619D61996FDCA00860CBC /* white-circle-outline-icon-64.png */,
				7E0619D81996FEA600860CBC /* black-circle-outline-icon-64.png */,
				7E0619D41996FDB900860CBC /* black-circle-icon-64.png */,
				7E0619CE1996F9DD00860CBC /* circle-dashed-8-icon-64.png */,
				7E0619D21996FDAA00860CBC /* white-circle-icon-64.png */,
				7E0619D01996FD9900860CBC /* red-circle-icon-64.png */,
			);
			name = Images;
			sourceTree = "<group>";
		};
		7EF5A40819500EA4007DAD6C = {
			isa = PBXGroup;
			children = (
				7EF5A41A19500EA4007DAD6C /* PhotoApp */,
				7EF5A43319500EA4007DAD6C /* PhotoAppTests */,
				7EF5A41319500EA4007DAD6C /* Frameworks */,
				7EF5A41219500EA4007DAD6C /* Products */,
			);
			sourceTree = "<group>";
		};
		7EF5A41219500EA4007DAD6C /* Products */ = {
			isa = PBXGroup;
			children = (
				7EF5A41119500EA4007DAD6C /* PhotoApp.app */,
				7EF5A42C19500EA4007DAD6C /* PhotoAppTests.xctest */,
			);
			name = Products;
			sourceTree = "<group>";
		};
		7EF5A41319500EA4007DAD6C /* Frameworks */ = {
			isa = PBXGroup;
			children = (
				7E63060519906F300075C0D9 /* Accounts.framework */,
				7E63060319906EC00075C0D9 /* Social.framework */,
				7E63060119906E600075C0D9 /* Parse.framework */,
				7EA8AA2D1978D6DA00A9D413 /* MessageUI.framework */,
				7EF5A4551950103B007DAD6C /* SystemConfiguration.framework */,
				7EF5A45319501030007DAD6C /* StoreKit.framework */,
				7EF5A45119501026007DAD6C /* Security.framework */,
				7EF5A44F1950101C007DAD6C /* QuartzCore.framework */,
				7EF5A44D19501012007DAD6C /* MobileCoreServices.framework */,
				7EF5A44B19501008007DAD6C /* libz.dylib */,
				7EF5A44919500FF9007DAD6C /* CoreLocation.framework */,
				7EF5A44719500FEC007DAD6C /* CFNetwork.framework */,
				7EF5A44519500FE1007DAD6C /* AudioToolbox.framework */,
				7EF5A44319500FA9007DAD6C /* Parse.framework */,
				7EF5A41419500EA4007DAD6C /* Foundation.framework */,
				7EF5A41619500EA4007DAD6C /* CoreGraphics.framework */,
				7EF5A41819500EA4007DAD6C /* UIKit.framework */,
				7EF5A42D19500EA4007DAD6C /* XCTest.framework */,
			);
			name = Frameworks;
			sourceTree = "<group>";
		};
		7EF5A41A19500EA4007DAD6C /* PhotoApp */ = {
			isa = PBXGroup;
			children = (
				7EF5A42319500EA4007DAD6C /* QBAppDelegate.h */,
				7EF5A42419500EA4007DAD6C /* QBAppDelegate.m */,
				7E0619C81996ABE600860CBC /* QBConstants.h */,
				7E0619C91996ABE600860CBC /* QBConstants.m */,
				7E0619C31996AA7500860CBC /* Views */,
				7E0619C41996AA8400860CBC /* Controllers */,
				7E0619C51996AA9400860CBC /* Model */,
				7E63060A1991E4650075C0D9 /* camera-64.png */,
				7EA8AA2F1978D8A600A9D413 /* Images */,
				7EA8AA17195A824D00A9D413 /* MBProgressHUD */,
				7EF5A42619500EA4007DAD6C /* Images.xcassets */,
				7EF5A41B19500EA4007DAD6C /* Supporting Files */,
			);
			path = PhotoApp;
			sourceTree = "<group>";
		};
		7EF5A41B19500EA4007DAD6C /* Supporting Files */ = {
			isa = PBXGroup;
			children = (
				7EF5A41C19500EA4007DAD6C /* PhotoApp-Info.plist */,
				7EF5A41D19500EA4007DAD6C /* InfoPlist.strings */,
				7EF5A42019500EA4007DAD6C /* main.m */,
				7EF5A42219500EA4007DAD6C /* PhotoApp-Prefix.pch */,
			);
			name = "Supporting Files";
			sourceTree = "<group>";
		};
		7EF5A43319500EA4007DAD6C /* PhotoAppTests */ = {
			isa = PBXGroup;
			children = (
				7EF5A43919500EA4007DAD6C /* PhotoAppTests.m */,
				7EF5A43419500EA4007DAD6C /* Supporting Files */,
			);
			path = PhotoAppTests;
			sourceTree = "<group>";
		};
		7EF5A43419500EA4007DAD6C /* Supporting Files */ = {
			isa = PBXGroup;
			children = (
				7EF5A43519500EA4007DAD6C /* PhotoAppTests-Info.plist */,
				7EF5A43619500EA4007DAD6C /* InfoPlist.strings */,
			);
			name = "Supporting Files";
			sourceTree = "<group>";
		};
/* End PBXGroup section */

/* Begin PBXNativeTarget section */
		7EF5A41019500EA4007DAD6C /* PhotoApp */ = {
			isa = PBXNativeTarget;
			buildConfigurationList = 7EF5A43D19500EA4007DAD6C /* Build configuration list for PBXNativeTarget "PhotoApp" */;
			buildPhases = (
				7EF5A40D19500EA4007DAD6C /* Sources */,
				7EF5A40E19500EA4007DAD6C /* Frameworks */,
				7EF5A40F19500EA4007DAD6C /* Resources */,
			);
			buildRules = (
			);
			dependencies = (
			);
			name = PhotoApp;
			productName = PhotoApp;
			productReference = 7EF5A41119500EA4007DAD6C /* PhotoApp.app */;
			productType = "com.apple.product-type.application";
		};
		7EF5A42B19500EA4007DAD6C /* PhotoAppTests */ = {
			isa = PBXNativeTarget;
			buildConfigurationList = 7EF5A44019500EA4007DAD6C /* Build configuration list for PBXNativeTarget "PhotoAppTests" */;
			buildPhases = (
				7EF5A42819500EA4007DAD6C /* Sources */,
				7EF5A42919500EA4007DAD6C /* Frameworks */,
				7EF5A42A19500EA4007DAD6C /* Resources */,
			);
			buildRules = (
			);
			dependencies = (
				7EF5A43219500EA4007DAD6C /* PBXTargetDependency */,
			);
			name = PhotoAppTests;
			productName = PhotoAppTests;
			productReference = 7EF5A42C19500EA4007DAD6C /* PhotoAppTests.xctest */;
			productType = "com.apple.product-type.bundle.unit-test";
		};
/* End PBXNativeTarget section */

/* Begin PBXProject section */
		7EF5A40919500EA4007DAD6C /* Project object */ = {
			isa = PBXProject;
			attributes = {
				CLASSPREFIX = DJ;
				LastUpgradeCheck = 0510;
				ORGANIZATIONNAME = "Duncan Riefler";
				TargetAttributes = {
					7EF5A41019500EA4007DAD6C = {
						DevelopmentTeam = 4MZU8943NK;
					};
					7EF5A42B19500EA4007DAD6C = {
						TestTargetID = 7EF5A41019500EA4007DAD6C;
					};
				};
			};
			buildConfigurationList = 7EF5A40C19500EA4007DAD6C /* Build configuration list for PBXProject "PhotoApp" */;
			compatibilityVersion = "Xcode 3.2";
			developmentRegion = English;
			hasScannedForEncodings = 0;
			knownRegions = (
				en,
			);
			mainGroup = 7EF5A40819500EA4007DAD6C;
			productRefGroup = 7EF5A41219500EA4007DAD6C /* Products */;
			projectDirPath = "";
			projectRoot = "";
			targets = (
				7EF5A41019500EA4007DAD6C /* PhotoApp */,
				7EF5A42B19500EA4007DAD6C /* PhotoAppTests */,
			);
		};
/* End PBXProject section */

/* Begin PBXResourcesBuildPhase section */
		7EF5A40F19500EA4007DAD6C /* Resources */ = {
			isa = PBXResourcesBuildPhase;
			buildActionMask = 2147483647;
			files = (
				7E0619CF1996F9DD00860CBC /* circle-dashed-8-icon-64.png in Resources */,
				7E0619D91996FEA600860CBC /* black-circle-outline-icon-64.png in Resources */,
				7E0619D71996FDCA00860CBC /* white-circle-outline-icon-64.png in Resources */,
				7EF5A41F19500EA4007DAD6C /* InfoPlist.strings in Resources */,
				7EA8AA28197790DB00A9D413 /* arrow.png in Resources */,
				7E0619D11996FD9900860CBC /* red-circle-icon-64.png in Resources */,
				7E0619D31996FDAA00860CBC /* white-circle-icon-64.png in Resources */,
				7E0619D51996FDB900860CBC /* black-circle-icon-64.png in Resources */,
				7EA8AA2C1978D5B200A9D413 /* send.png in Resources */,
				7E63060B1991E4650075C0D9 /* camera-64.png in Resources */,
				7EF5A42719500EA4007DAD6C /* Images.xcassets in Resources */,
				7EA8AA2A197793BA00A9D413 /* arrow2.png in Resources */,
			);
			runOnlyForDeploymentPostprocessing = 0;
		};
		7EF5A42A19500EA4007DAD6C /* Resources */ = {
			isa = PBXResourcesBuildPhase;
			buildActionMask = 2147483647;
			files = (
				7EF5A43819500EA4007DAD6C /* InfoPlist.strings in Resources */,
			);
			runOnlyForDeploymentPostprocessing = 0;
		};
/* End PBXResourcesBuildPhase section */

/* Begin PBXSourcesBuildPhase section */
		7EF5A40D19500EA4007DAD6C /* Sources */ = {
			isa = PBXSourcesBuildPhase;
			buildActionMask = 2147483647;
			files = (
				7EA8AA1A195BC09400A9D413 /* QBCameraOverlayView.m in Sources */,
				7EA8AA26196FA50F00A9D413 /* QBUserContacts.m in Sources */,
				7EF5A42519500EA4007DAD6C /* QBAppDelegate.m in Sources */,
				7E0619CA1996ABE600860CBC /* QBConstants.m in Sources */,
				7EA8AA1D195E56EE00A9D413 /* QBContactsViewController.m in Sources */,
				7E0619CD1996B73B00860CBC /* QBMessagesViewController.m in Sources */,
				7E026C1119906439008BAE7B /* QBUserMessages.m in Sources */,
				7EA8AA201961252600A9D413 /* QBUser.m in Sources */,
				7EF5A4591950109F007DAD6C /* QBCameraViewController.m in Sources */,
				7E630609199072FD0075C0D9 /* QBLoginViewController.m in Sources */,
				7EF5A42119500EA4007DAD6C /* main.m in Sources */,
				7EA8AA16195A824500A9D413 /* MBProgressHUD.m in Sources */,
			);
			runOnlyForDeploymentPostprocessing = 0;
		};
		7EF5A42819500EA4007DAD6C /* Sources */ = {
			isa = PBXSourcesBuildPhase;
			buildActionMask = 2147483647;
			files = (
				7EF5A43A19500EA4007DAD6C /* PhotoAppTests.m in Sources */,
			);
			runOnlyForDeploymentPostprocessing = 0;
		};
/* End PBXSourcesBuildPhase section */

/* Begin PBXTargetDependency section */
		7EF5A43219500EA4007DAD6C /* PBXTargetDependency */ = {
			isa = PBXTargetDependency;
			target = 7EF5A41019500EA4007DAD6C /* PhotoApp */;
			targetProxy = 7EF5A43119500EA4007DAD6C /* PBXContainerItemProxy */;
		};
/* End PBXTargetDependency section */

/* Begin PBXVariantGroup section */
		7EF5A41D19500EA4007DAD6C /* InfoPlist.strings */ = {
			isa = PBXVariantGroup;
			children = (
				7EF5A41E19500EA4007DAD6C /* en */,
			);
			name = InfoPlist.strings;
			sourceTree = "<group>";
		};
		7EF5A43619500EA4007DAD6C /* InfoPlist.strings */ = {
			isa = PBXVariantGroup;
			children = (
				7EF5A43719500EA4007DAD6C /* en */,
			);
			name = InfoPlist.strings;
			sourceTree = "<group>";
		};
/* End PBXVariantGroup section */

/* Begin XCBuildConfiguration section */
		7EF5A43B19500EA4007DAD6C /* Debug */ = {
			isa = XCBuildConfiguration;
			buildSettings = {
				ALWAYS_SEARCH_USER_PATHS = YES;
				CLANG_CXX_LANGUAGE_STANDARD = "gnu++0x";
				CLANG_CXX_LIBRARY = "libc++";
				CLANG_ENABLE_MODULES = YES;
				CLANG_ENABLE_OBJC_ARC = YES;
				CLANG_WARN_BOOL_CONVERSION = YES;
				CLANG_WARN_CONSTANT_CONVERSION = YES;
				CLANG_WARN_DIRECT_OBJC_ISA_USAGE = YES_ERROR;
				CLANG_WARN_EMPTY_BODY = YES;
				CLANG_WARN_ENUM_CONVERSION = YES;
				CLANG_WARN_INT_CONVERSION = YES;
				CLANG_WARN_OBJC_ROOT_CLASS = YES_ERROR;
				CLANG_WARN__DUPLICATE_METHOD_MATCH = YES;
				"CODE_SIGN_IDENTITY[sdk=iphoneos*]" = "iPhone Developer";
				COPY_PHASE_STRIP = NO;
				GCC_C_LANGUAGE_STANDARD = gnu99;
				GCC_DYNAMIC_NO_PIC = NO;
				GCC_OPTIMIZATION_LEVEL = 0;
				GCC_PREPROCESSOR_DEFINITIONS = (
					"DEBUG=1",
					"$(inherited)",
				);
				GCC_SYMBOLS_PRIVATE_EXTERN = NO;
				GCC_WARN_64_TO_32_BIT_CONVERSION = YES;
				GCC_WARN_ABOUT_RETURN_TYPE = YES_ERROR;
				GCC_WARN_UNDECLARED_SELECTOR = YES;
				GCC_WARN_UNINITIALIZED_AUTOS = YES_AGGRESSIVE;
				GCC_WARN_UNUSED_FUNCTION = YES;
				GCC_WARN_UNUSED_VARIABLE = YES;
				IPHONEOS_DEPLOYMENT_TARGET = 7.1;
				ONLY_ACTIVE_ARCH = YES;
				SDKROOT = iphoneos;
			};
			name = Debug;
		};
		7EF5A43C19500EA4007DAD6C /* Release */ = {
			isa = XCBuildConfiguration;
			buildSettings = {
				ALWAYS_SEARCH_USER_PATHS = YES;
				CLANG_CXX_LANGUAGE_STANDARD = "gnu++0x";
				CLANG_CXX_LIBRARY = "libc++";
				CLANG_ENABLE_MODULES = YES;
				CLANG_ENABLE_OBJC_ARC = YES;
				CLANG_WARN_BOOL_CONVERSION = YES;
				CLANG_WARN_CONSTANT_CONVERSION = YES;
				CLANG_WARN_DIRECT_OBJC_ISA_USAGE = YES_ERROR;
				CLANG_WARN_EMPTY_BODY = YES;
				CLANG_WARN_ENUM_CONVERSION = YES;
				CLANG_WARN_INT_CONVERSION = YES;
				CLANG_WARN_OBJC_ROOT_CLASS = YES_ERROR;
				CLANG_WARN__DUPLICATE_METHOD_MATCH = YES;
				"CODE_SIGN_IDENTITY[sdk=iphoneos*]" = "iPhone Developer";
				COPY_PHASE_STRIP = YES;
				ENABLE_NS_ASSERTIONS = NO;
				GCC_C_LANGUAGE_STANDARD = gnu99;
				GCC_WARN_64_TO_32_BIT_CONVERSION = YES;
				GCC_WARN_ABOUT_RETURN_TYPE = YES_ERROR;
				GCC_WARN_UNDECLARED_SELECTOR = YES;
				GCC_WARN_UNINITIALIZED_AUTOS = YES_AGGRESSIVE;
				GCC_WARN_UNUSED_FUNCTION = YES;
				GCC_WARN_UNUSED_VARIABLE = YES;
				IPHONEOS_DEPLOYMENT_TARGET = 7.1;
				ONLY_ACTIVE_ARCH = YES;
				SDKROOT = iphoneos;
				VALIDATE_PRODUCT = YES;
			};
			name = Release;
		};
		7EF5A43E19500EA4007DAD6C /* Debug */ = {
			isa = XCBuildConfiguration;
			buildSettings = {
				ASSETCATALOG_COMPILER_APPICON_NAME = AppIcon;
				ASSETCATALOG_COMPILER_LAUNCHIMAGE_NAME = LaunchImage;
				CODE_SIGN_IDENTITY = "iPhone Developer";
				"CODE_SIGN_IDENTITY[sdk=iphoneos*]" = "iPhone Developer";
				FRAMEWORK_SEARCH_PATHS = (
					"$(inherited)",
					"$(PROJECT_DIR)",
					"$(PROJECT_DIR)/PhotoApp",
				);
				GCC_PRECOMPILE_PREFIX_HEADER = YES;
				GCC_PREFIX_HEADER = "PhotoApp/PhotoApp-Prefix.pch";
				INFOPLIST_FILE = "PhotoApp/PhotoApp-Info.plist";
				IPHONEOS_DEPLOYMENT_TARGET = 8.0;
				PRODUCT_NAME = "$(TARGET_NAME)";
				PROVISIONING_PROFILE = "";
				WRAPPER_EXTENSION = app;
			};
			name = Debug;
		};
		7EF5A43F19500EA4007DAD6C /* Release */ = {
			isa = XCBuildConfiguration;
			buildSettings = {
				ASSETCATALOG_COMPILER_APPICON_NAME = AppIcon;
				ASSETCATALOG_COMPILER_LAUNCHIMAGE_NAME = LaunchImage;
				CODE_SIGN_IDENTITY = "iPhone Developer";
				"CODE_SIGN_IDENTITY[sdk=iphoneos*]" = "iPhone Developer";
				FRAMEWORK_SEARCH_PATHS = (
					"$(inherited)",
					"$(PROJECT_DIR)",
					"$(PROJECT_DIR)/PhotoApp",
				);
				GCC_PRECOMPILE_PREFIX_HEADER = YES;
				GCC_PREFIX_HEADER = "PhotoApp/PhotoApp-Prefix.pch";
				INFOPLIST_FILE = "PhotoApp/PhotoApp-Info.plist";
				IPHONEOS_DEPLOYMENT_TARGET = 8.0;
				PRODUCT_NAME = "$(TARGET_NAME)";
				PROVISIONING_PROFILE = "";
				WRAPPER_EXTENSION = app;
			};
			name = Release;
		};
		7EF5A44119500EA4007DAD6C /* Debug */ = {
			isa = XCBuildConfiguration;
			buildSettings = {
				BUNDLE_LOADER = "$(BUILT_PRODUCTS_DIR)/PhotoApp.app/PhotoApp";
				FRAMEWORK_SEARCH_PATHS = (
					"$(SDKROOT)/Developer/Library/Frameworks",
					"$(inherited)",
					"$(DEVELOPER_FRAMEWORKS_DIR)",
				);
				GCC_PRECOMPILE_PREFIX_HEADER = YES;
				GCC_PREFIX_HEADER = "PhotoApp/PhotoApp-Prefix.pch";
				GCC_PREPROCESSOR_DEFINITIONS = (
					"DEBUG=1",
					"$(inherited)",
				);
				INFOPLIST_FILE = "PhotoAppTests/PhotoAppTests-Info.plist";
				PRODUCT_NAME = "$(TARGET_NAME)";
				TEST_HOST = "$(BUNDLE_LOADER)";
				WRAPPER_EXTENSION = xctest;
			};
			name = Debug;
		};
		7EF5A44219500EA4007DAD6C /* Release */ = {
			isa = XCBuildConfiguration;
			buildSettings = {
				BUNDLE_LOADER = "$(BUILT_PRODUCTS_DIR)/PhotoApp.app/PhotoApp";
				FRAMEWORK_SEARCH_PATHS = (
					"$(SDKROOT)/Developer/Library/Frameworks",
					"$(inherited)",
					"$(DEVELOPER_FRAMEWORKS_DIR)",
				);
				GCC_PRECOMPILE_PREFIX_HEADER = YES;
				GCC_PREFIX_HEADER = "PhotoApp/PhotoApp-Prefix.pch";
				INFOPLIST_FILE = "PhotoAppTests/PhotoAppTests-Info.plist";
				PRODUCT_NAME = "$(TARGET_NAME)";
				TEST_HOST = "$(BUNDLE_LOADER)";
				WRAPPER_EXTENSION = xctest;
			};
			name = Release;
		};
/* End XCBuildConfiguration section */

/* Begin XCConfigurationList section */
		7EF5A40C19500EA4007DAD6C /* Build configuration list for PBXProject "PhotoApp" */ = {
			isa = XCConfigurationList;
			buildConfigurations = (
				7EF5A43B19500EA4007DAD6C /* Debug */,
				7EF5A43C19500EA4007DAD6C /* Release */,
			);
			defaultConfigurationIsVisible = 0;
			defaultConfigurationName = Release;
		};
		7EF5A43D19500EA4007DAD6C /* Build configuration list for PBXNativeTarget "PhotoApp" */ = {
			isa = XCConfigurationList;
			buildConfigurations = (
				7EF5A43E19500EA4007DAD6C /* Debug */,
				7EF5A43F19500EA4007DAD6C /* Release */,
			);
			defaultConfigurationIsVisible = 0;
			defaultConfigurationName = Release;
		};
		7EF5A44019500EA4007DAD6C /* Build configuration list for PBXNativeTarget "PhotoAppTests" */ = {
			isa = XCConfigurationList;
			buildConfigurations = (
				7EF5A44119500EA4007DAD6C /* Debug */,
				7EF5A44219500EA4007DAD6C /* Release */,
			);
			defaultConfigurationIsVisible = 0;
			defaultConfigurationName = Release;
		};
/* End XCConfigurationList section */
	};
	rootObject = 7EF5A40919500EA4007DAD6C /* Project object */;
}
